
Microsoft Visual Studio Solution File, Format Version 12.00
# Visual Studio Version 17
VisualStudioVersion = 17.8.34525.116
MinimumVisualStudioVersion = 10.0.40219.1
Project("{9A19103F-16F7-4668-BE54-9A1E7A4F7556}") = "Formula1API", "Formula1API\Formula1API.csproj", "{019DD02C-E3D7-4D8E-91A5-504927BF1798}"
EndProject
Project("{E53339B2-1760-4266-BCC7-CA923CBCF16C}") = "docker-compose", "docker-compose.dcproj", "{1AFB5185-791D-480F-9CB5-2A3E268B6854}"
EndProject
Global
	GlobalSection(SolutionConfigurationPlatforms) = preSolution
		Debug|Any CPU = Debug|Any CPU
		Release|Any CPU = Release|Any CPU
	EndGlobalSection
	GlobalSection(ProjectConfigurationPlatforms) = postSolution
		{019DD02C-E3D7-4D8E-91A5-504927BF1798}.Debug|Any CPU.ActiveCfg = Debug|Any CPU
		{019DD02C-E3D7-4D8E-91A5-504927BF1798}.Debug|Any CPU.Build.0 = Debug|Any CPU
		{019DD02C-E3D7-4D8E-91A5-504927BF1798}.Release|Any CPU.ActiveCfg = Release|Any CPU
		{019DD02C-E3D7-4D8E-91A5-504927BF1798}.Release|Any CPU.Build.0 = Release|Any CPU
		{1AFB5185-791D-480F-9CB5-2A3E268B6854}.Debug|Any CPU.ActiveCfg = Debug|Any CPU
		{1AFB5185-791D-480F-9CB5-2A3E268B6854}.Debug|Any CPU.Build.0 = Debug|Any CPU
		{1AFB5185-791D-480F-9CB5-2A3E268B6854}.Release|Any CPU.ActiveCfg = Release|Any CPU
		{1AFB5185-791D-480F-9CB5-2A3E268B6854}.Release|Any CPU.Build.0 = Release|Any CPU
	EndGlobalSection
	GlobalSection(SolutionProperties) = preSolution
		HideSolutionNode = FALSE
	EndGlobalSection
	GlobalSection(ExtensibilityGlobals) = postSolution
		SolutionGuid = {78BC0B37-EAED-4DC9-A40B-D711FDB6EF04}
	EndGlobalSection
EndGlobal
